Microsoft Visual Studio Solution File, Format Version 12.00
# Visual Studio Version 17
VisualStudioVersion = 17.5.2.0
MinimumVisualStudioVersion = 10.0.40219.1
Project("{FAE04EC0-301F-11D3-BF4B-00C04F79EFBC}") = "IllustratorAutomat", "IllustratorAutomat\IllustratorAutomat.csproj", "{691C0CF4-0CC3-CA67-8F3D-FEF05D6B52F5}"
EndProject
Project("{2150E333-8FDC-42A3-9474-1A3956D46DE8}") = "IllustratorAutomat", "IllustratorAutomat", "{B0C021F9-7D3A-455C-AB8E-2B1BA797973D}"
EndProject
Project("{FAE04EC0-301F-11D3-BF4B-00C04F79EFBC}") = "TestRunner", "IllustratorAutomat\TestRunner\TestRunner.csproj", "{33F2FBC1-E797-4292-A1CC-F0D150AE9A26}"
EndProject
Global
	GlobalSection(SolutionConfigurationPlatforms) = preSolution
		Debug|Any CPU = Debug|Any CPU
		Release|Any CPU = Release|Any CPU
	EndGlobalSection
	GlobalSection(ProjectConfigurationPlatforms) = postSolution
		{691C0CF4-0CC3-CA67-8F3D-FEF05D6B52F5}.Debug|Any CPU.ActiveCfg = Debug|Any CPU
		{691C0CF4-0CC3-CA67-8F3D-FEF05D6B52F5}.Debug|Any CPU.Build.0 = Debug|Any CPU
		{691C0CF4-0CC3-CA67-8F3D-FEF05D6B52F5}.Release|Any CPU.ActiveCfg = Release|Any CPU
		{691C0CF4-0CC3-CA67-8F3D-FEF05D6B52F5}.Release|Any CPU.Build.0 = Release|Any CPU
		{33F2FBC1-E797-4292-A1CC-F0D150AE9A26}.Debug|Any CPU.ActiveCfg = Debug|Any CPU
		{33F2FBC1-E797-4292-A1CC-F0D150AE9A26}.Debug|Any CPU.Build.0 = Debug|Any CPU
		{33F2FBC1-E797-4292-A1CC-F0D150AE9A26}.Release|Any CPU.ActiveCfg = Release|Any CPU
		{33F2FBC1-E797-4292-A1CC-F0D150AE9A26}.Release|Any CPU.Build.0 = Release|Any CPU
	EndGlobalSection
	GlobalSection(SolutionProperties) = preSolution
		HideSolutionNode = FALSE
	EndGlobalSection
	GlobalSection(ExtensibilityGlobals) = postSolution
		SolutionGuid = {3F5FDAAE-9296-48FE-AD6F-1BF13F519A3D}
	EndGlobalSection
	GlobalSection(NestedProjects) = preSolution
		{691C0CF4-0CC3-CA67-8F3D-FEF05D6B52F5} = {B0C021F9-7D3A-455C-AB8E-2B1BA797973D}
		{33F2FBC1-E797-4292-A1CC-F0D150AE9A26} = {B0C021F9-7D3A-455C-AB8E-2B1BA797973D}
	EndGlobalSection
EndGlobal
