{
  "name": "webapp",
  "version": "1.0.0",
  "lockfileVersion": 3,
  "requires": true,
  "packages": {
    "": {
      "name": "webapp",
      "version": "1.0.0",
      "dependencies": {
        "hono": "^4.7.9"
      },
      "devDependencies": {
        "@cloudflare/workers-types": "^4.20250705.0",
        "@hono/vite-cloudflare-pages": "^0.4.2",
        "@playwright/test": "^1.49.0",
        "concurrently": "^9.2.1",
        "typescript": "^5.7.3",
        "vite": "^5.4.14",
        "wrangler": "^4.75.0"
      },
      "optionalDependencies": {
        "@rollup/rollup-linux-x64-gnu": "^4.60.1"
      }
    },
    "node_modules/@cloudflare/kv-asset-handler": {
      "version": "0.4.2",
      "resolved": "https://registry.npmjs.org/@cloudflare/kv-asset-handler/-/kv-asset-handler-0.4.2.tgz",
      "integrity": "sha512-SIOD2DxrRRwQ+jgzlXCqoEFiKOFqaPjhnNTGKXSRLvp1HiOvapLaFG2kEr9dYQTYe8rKrd9uvDUzmAITeNyaHQ==",
      "dev": true,
      "license": "MIT OR Apache-2.0",
      "engines": {
        "node": ">=18.0.0"
      }
    },
    "node_modules/@cloudflare/unenv-preset": {
      "version": "2.16.0",
      "resolved": "https://registry.npmjs.org/@cloudflare/unenv-preset/-/unenv-preset-2.16.0.tgz",
      "integrity": "sha512-8ovsRpwzPoEqPUzoErAYVv8l3FMZNeBVQfJTvtzP4AgLSRGZISRfuChFxHWUQd3n6cnrwkuTGxT+2cGo8EsyYg==",
      "dev": true,
      "license": "MIT OR Apache-2.0",
      "peerDependencies": {
        "unenv": "2.0.0-rc.24",
        "workerd": "1.20260301.1 || ~1.20260302.1 || ~1.20260303.1 || ~1.20260304.1 || >1.20260305.0 <2.0.0-0"
      },
      "peerDependenciesMeta": {
        "workerd": {
          "optional": true
        }
      }
    },
    "node_modules/@cloudflare/workerd-darwin-64": {
      "version": "1.20260409.1",
      "resolved": "https://registry.npmjs.org/@cloudflare/workerd-darwin-64/-/workerd-darwin-64-1.20260409.1.tgz",
      "integrity": "sha512-h/bkaC0HJL63aqAGnV0oagqpBiTSstabODThkeMSbG8kctl0Jb4jlq1pNHJPmYGazFNtfyagrUZFb6HN22GX7w==",
      "cpu": ["x64"],
      "dev": true,
      "license": "Apache-2.0",
      "optional": true,
      "os": ["darwin"],
      "engines": {"node": ">=16"}
    },
    "node_modules/@cloudflare/workerd-darwin-arm64": {
      "version": "1.20260409.1",
      "resolved": "https://registry.npmjs.org/@cloudflare/workerd-darwin-arm64/-/workerd-darwin-arm64-1.20260409.1.tgz",
      "integrity": "sha512-HTAC+B9uSYcm+GjN3UYJjuun19GqYtK1bAFJ0KECXyfsgIDwH1MTzxbTxzJpZUbWLw8s0jcwCU06MWZj6cgnxQ==",
      "cpu": ["arm64"],
      "dev": true,
      "license": "Apache-2.0",
      "optional": true,
      "os": ["darwin"],
      "engines": {"node": ">=16"}
    },
    "node_modules/@cloudflare/workerd-linux-64": {
      "version": "1.20260409.1",
      "resolved": "https://registry.npmjs.org/@cloudflare/workerd-linux-64/-/workerd-linux-64-1.20260409.1.tgz",
      "integrity": "sha512-QIoNq5cgmn1ko8qlngmgZLXQr2KglrjvIwVFOyJI3rbIpt8631n/YMzHPiOWgt38Cb6tcni8fXOzkcvIX2lBDg==",
      "cpu": ["x64"],
      "dev": true,
      "license": "Apache-2.0",
      "optional": true,
      "os": ["linux"],
      "engines": {"node": ">=16"}
    },
    "node_modules/@cloudflare/workerd-linux-arm64": {
      "version": "1.20260409.1",
      "resolved": "https://registry.npmjs.org/@cloudflare/workerd-linux-arm64/-/workerd-linux-arm64-1.20260409.1.tgz",
      "integrity": "sha512-HJGBMTfPDb0GCjwdxWFx63wS20TYDVmtOuA5KVri/CiFnit71y++kmseVmemjsgLFFIzoEAuFG/xUh1FJLo6tg==",
      "cpu": ["arm64"],
      "dev": true,
      "license": "Apache-2.0",
      "optional": true,
      "os": ["linux"],
      "engines": {"node": ">=16"}
    },
    "node_modules/@cloudflare/workerd-windows-64": {
      "version": "1.20260409.1",
      "resolved": "https://registry.npmjs.org/@cloudflare/workerd-windows-64/-/workerd-windows-64-1.20260409.1.tgz",
      "integrity": "sha512-GttFO0+TvE0rJNQbDlxC6kq2Q7uFxoZRo74Z9d/trUrLgA14HEVTTXobYyiWrDZ9Qp2W5KN1CrXQXiko0zE38Q==",
      "cpu": ["x64"],
      "dev": true,
      "license": "Apache-2.0",
      "optional": true,
      "os": ["win32"],
      "engines": {"node": ">=16"}
    },
    "node_modules/@cloudflare/workers-types": {
      "version": "4.20260410.1",
      "resolved": "https://registry.npmjs.org/@cloudflare/workers-types/-/workers-types-4.20260410.1.tgz",
      "integrity": "sha512-dPZT4aXxwhGHFhWA9iZhWVfFoO8g9exiLzeaS8y43Dw0Sard6Gb3o5LJjReav3ejHbQLHUfGEiZsRPGW8qmgMg==",
      "dev": true,
      "license": "MIT OR Apache-2.0"
    },
    "node_modules/@cspotcode/source-map-support": {
      "version": "0.8.1",
      "resolved": "https://registry.npmjs.org/@cspotcode/source-map-support/-/source-map-support-0.8.1.tgz",
      "integrity": "sha512-IchNf6dN4tHoMFIn/7OE8LWZ19Y6q/67Bmf6vnGREv8RSbBVb9LPJxEcnwrcwX6ixSvaiGoomAUvu4YSxXrVgw==",
      "dev": true,
      "license": "MIT",
      "dependencies": {"@jridgewell/trace-mapping": "0.3.9"},
      "engines": {"node": ">=12"}
    },
    "node_modules/@emnapi/runtime": {
      "version": "1.9.2",
      "resolved": "https://registry.npmjs.org/@emnapi/runtime/-/runtime-1.9.2.tgz",
      "integrity": "sha512-3U4+MIWHImeyu1wnmVygh5WlgfYDtyf0k8AbLhMFxOipihf6nrWC4syIim/SwEeec0mNSafiiNnMJwbza/Is6Lw==",
      "dev": true,
      "license": "MIT",
      "optional": true,
      "dependencies": {"tslib": "^2.4.0"}
    },
    "node_modules/@hono/vite-cloudflare-pages": {
      "version": "0.4.3",
      "resolved": "https://registry.npmjs.org/@hono/vite-cloudflare-pages/-/vite-cloudflare-pages-0.4.3.tgz",
      "integrity": "sha512-MrMsH/EGHQI3KG5CAI7GMrwyTgiXbpY+uo3uBBdOUONHLsn8Z+Wt4y+A4T0eMEzvo6xc+uFh+graZMbT1RjU3A==",
      "dev": true,
      "license": "MIT",
      "engines": {"node": ">=18.14.1"},
      "peerDependencies": {"hono": "*"}
    },
    "node_modules/@playwright/test": {
      "version": "1.59.1",
      "resolved": "https://registry.npmjs.org/@playwright/test/-/test-1.59.1.tgz",
      "integrity": "sha512-PG6q63nQg5c9rIi4/Z5lR5IVF7yU5MqmKaPOe0HSc0O2cX1fPi96sUQu5j7eo4gKCkB2AnNGoWt7y4/Xx3Kcqg==",
      "dev": true,
      "license": "Apache-2.0",
      "dependencies": {"playwright": "1.59.1"},
      "bin": {"playwright": "cli.js"},
      "engines": {"node": ">=18"}
    },
    "node_modules/hono": {
      "version": "4.12.18",
      "resolved": "https://registry.npmjs.org/hono/-/hono-4.12.18.tgz",
      "integrity": "sha512-RWzP96k/yv0PQfyXnWjs6zot20TqfpfsNXhOnev8d1InAxubW93L11/oNUc3tQqn2G0bSdAOBpX+2uDFHV7kdQ==",
      "license": "MIT",
      "engines": {"node": ">=16.9.0"}
    },
    "node_modules/postcss": {
      "version": "8.5.14",
      "resolved": "https://registry.npmjs.org/postcss/-/postcss-8.5.14.tgz",
      "integrity": "sha512-SoSL4+OSEtR99LHFZQiJLkT59C5B1amGO1NzTwj7TT1qCUgUO6hxOvzkOYxD+vMrXBM3XJIKzokoERdqQq/Zmg==",
      "dev": true,
      "funding": [{"type": "opencollective", "url": "https://opencollective.com/postcss/"}, {"type": "tidelift", "url": "https://tidelift.com/funding/github/npm/postcss"}, {"type": "github", "url": "https://github.com/sponsors/ai"}],
      "license": "MIT",
      "dependencies": {"nanoid": "^3.3.11", "picocolors": "^1.1.1", "source-map-js": "^1.2.1"},
      "engines": {"node": "^10 || ^12 || >=14"}
    }
  }
}